// !$*UTF8*$!
{
	archiveVersion = 1;
	classes = {
	};
	objectVersion = 46;
	objects = {

/* Begin PBXBuildFile section */
		1B7BB0EE1B5D980F000CD60E /* ProdutosOrcamentoTableViewController.m in Sources */ = {isa = PBXBuildFile; fileRef = 1B7BB0ED1B5D980F000CD60E /* ProdutosOrcamentoTableViewController.m */; };
		1B9A166F1B5998BF00CA057B /* Cliente.m in Sources */ = {isa = PBXBuildFile; fileRef = 1B9A166E1B5998BF00CA057B /* Cliente.m */; };
		1B9A16751B59A61F00CA057B /* DetalhesProdutoViewController.m in Sources */ = {isa = PBXBuildFile; fileRef = 1B9A16741B59A61F00CA057B /* DetalhesProdutoViewController.m */; };
		1BE403571B6AA4F000F14A64 /* ObservacoesTableViewController.m in Sources */ = {isa = PBXBuildFile; fileRef = 1BE403561B6AA4F000F14A64 /* ObservacoesTableViewController.m */; };
		1BE538151B6ACA5200E312D7 /* PedidoDeProdutoViewController.m in Sources */ = {isa = PBXBuildFile; fileRef = 1BE538141B6ACA5200E312D7 /* PedidoDeProdutoViewController.m */; };
		1BE552E31B6D3C030047CFA8 /* PedidoDeProduto.m in Sources */ = {isa = PBXBuildFile; fileRef = 1BE552E21B6D3C030047CFA8 /* PedidoDeProduto.m */; };
		1BE552E91B6D52EF0047CFA8 /* OrcaEmProgressoTableViewController.m in Sources */ = {isa = PBXBuildFile; fileRef = 1BE552E81B6D52EF0047CFA8 /* OrcaEmProgressoTableViewController.m */; };
		1BE7485B1B6A7B7300F42E50 /* EditarProdutoViewController.m in Sources */ = {isa = PBXBuildFile; fileRef = 1BE7485A1B6A7B7300F42E50 /* EditarProdutoViewController.m */; };
		1BE7485E1B6A857900F42E50 /* EditarObservacaoViewController.m in Sources */ = {isa = PBXBuildFile; fileRef = 1BE7485D1B6A857900F42E50 /* EditarObservacaoViewController.m */; };
		1BE89C931B57E6D70062D241 /* HistoricoTableViewController.m in Sources */ = {isa = PBXBuildFile; fileRef = 1BE89C921B57E6D70062D241 /* HistoricoTableViewController.m */; };
		1BE89C961B57EB790062D241 /* ResultadosBuscaTableViewController.m in Sources */ = {isa = PBXBuildFile; fileRef = 1BE89C951B57EB790062D241 /* ResultadosBuscaTableViewController.m */; };
		1BEB0B7F1B55A7520039F444 /* ProdutosTableViewController.m in Sources */ = {isa = PBXBuildFile; fileRef = 1BEB0B7E1B55A7520039F444 /* ProdutosTableViewController.m */; };
		1BEB0B821B55BEA00039F444 /* Produto.m in Sources */ = {isa = PBXBuildFile; fileRef = 1BEB0B811B55BEA00039F444 /* Produto.m */; };
		1BEC4A101B6BB81B000A0443 /* PerfilViewController.m in Sources */ = {isa = PBXBuildFile; fileRef = 1BEC4A0F1B6BB81B000A0443 /* PerfilViewController.m */; };
		1BF836FF1B5946F900F51048 /* NovoProdutoViewController.m in Sources */ = {isa = PBXBuildFile; fileRef = 1BF836FE1B5946F900F51048 /* NovoProdutoViewController.m */; };
		C04E88501B559E3D00EB26BE /* main.m in Sources */ = {isa = PBXBuildFile; fileRef = C04E884F1B559E3D00EB26BE /* main.m */; };
		C04E88531B559E3D00EB26BE /* AppDelegate.m in Sources */ = {isa = PBXBuildFile; fileRef = C04E88521B559E3D00EB26BE /* AppDelegate.m */; };
		C04E88561B559E3D00EB26BE /* ViewController.m in Sources */ = {isa = PBXBuildFile; fileRef = C04E88551B559E3D00EB26BE /* ViewController.m */; };
		C04E88591B559E3D00EB26BE /* Main.storyboard in Resources */ = {isa = PBXBuildFile; fileRef = C04E88571B559E3D00EB26BE /* Main.storyboard */; };
		C04E885B1B559E3D00EB26BE /* Images.xcassets in Resources */ = {isa = PBXBuildFile; fileRef = C04E885A1B559E3D00EB26BE /* Images.xcassets */; };
		C04E885E1B559E3D00EB26BE /* LaunchScreen.xib in Resources */ = {isa = PBXBuildFile; fileRef = C04E885C1B559E3D00EB26BE /* LaunchScreen.xib */; };
		C04E886A1B559E3D00EB26BE /* MicahAppTests.m in Sources */ = {isa = PBXBuildFile; fileRef = C04E88691B559E3D00EB26BE /* MicahAppTests.m */; };
		C04E88751B66D4DD00EB26BE /* CreateOrcaViewController.m in Sources */ = {isa = PBXBuildFile; fileRef = C04E88741B66D4DD00EB26BE /* CreateOrcaViewController.m */; };
		C04E88781B66D77700EB26BE /* ContentClientViewController.m in Sources */ = {isa = PBXBuildFile; fileRef = C04E88771B66D77700EB26BE /* ContentClientViewController.m */; };
		C04E887E1B66DE0800EB26BE /* PageHolderViewController.m in Sources */ = {isa = PBXBuildFile; fileRef = C04E887D1B66DE0800EB26BE /* PageHolderViewController.m */; };
		C04E888A1B69A37200EB26BE /* ContentFinilizeViewController.m in Sources */ = {isa = PBXBuildFile; fileRef = C04E88891B69A37200EB26BE /* ContentFinilizeViewController.m */; };
		C04E888D1B69A38200EB26BE /* ContentProductTableViewController.m in Sources */ = {isa = PBXBuildFile; fileRef = C04E888C1B69A38200EB26BE /* ContentProductTableViewController.m */; };
		C04E88901B69A3AF00EB26BE /* ContentObservationTableViewController.m in Sources */ = {isa = PBXBuildFile; fileRef = C04E888F1B69A3AF00EB26BE /* ContentObservationTableViewController.m */; };
/* End PBXBuildFile section */

/* Begin PBXContainerItemProxy section */
		C04E88641B559E3D00EB26BE /* PBXContainerItemProxy */ = {
			isa = PBXContainerItemProxy;
			containerPortal = C04E88421B559E3D00EB26BE /* Project object */;
			proxyType = 1;
			remoteGlobalIDString = C04E88491B559E3D00EB26BE;
			remoteInfo = MicahApp;
		};
/* End PBXContainerItemProxy section */

/* Begin PBXFileReference section */
		1B7BB0EC1B5D980F000CD60E /* ProdutosOrcamentoTableViewController.h */ = {isa = PBXFileReference; fileEncoding = 4; lastKnownFileType = sourcecode.c.h; path = ProdutosOrcamentoTableViewController.h; sourceTree = "<group>"; };
		1B7BB0ED1B5D980F000CD60E /* ProdutosOrcamentoTableViewController.m */ = {isa = PBXFileReference; fileEncoding = 4; lastKnownFileType = sourcecode.c.objc; path = ProdutosOrcamentoTableViewController.m; sourceTree = "<group>"; };
		1B9A166D1B5998BF00CA057B /* Cliente.h */ = {isa = PBXFileReference; fileEncoding = 4; lastKnownFileType = sourcecode.c.h; path = Cliente.h; sourceTree = "<group>"; };
		1B9A166E1B5998BF00CA057B /* Cliente.m */ = {isa = PBXFileReference; fileEncoding = 4; lastKnownFileType = sourcecode.c.objc; path = Cliente.m; sourceTree = "<group>"; };
		1B9A16731B59A61F00CA057B /* DetalhesProdutoViewController.h */ = {isa = PBXFileReference; fileEncoding = 4; lastKnownFileType = sourcecode.c.h; path = DetalhesProdutoViewController.h; sourceTree = "<group>"; };
		1B9A16741B59A61F00CA057B /* DetalhesProdutoViewController.m */ = {isa = PBXFileReference; fileEncoding = 4; lastKnownFileType = sourcecode.c.objc; path = DetalhesProdutoViewController.m; sourceTree = "<group>"; };
		1BE403551B6AA4F000F14A64 /* ObservacoesTableViewController.h */ = {isa = PBXFileReference; fileEncoding = 4; lastKnownFileType = sourcecode.c.h; path = ObservacoesTableViewController.h; sourceTree = "<group>"; };
		1BE403561B6AA4F000F14A64 /* ObservacoesTableViewController.m */ = {isa = PBXFileReference; fileEncoding = 4; lastKnownFileType = sourcecode.c.objc; path = ObservacoesTableViewController.m; sourceTree = "<group>"; };
		1BE538131B6ACA5200E312D7 /* PedidoDeProdutoViewController.h */ = {isa = PBXFileReference; fileEncoding = 4; lastKnownFileType = sourcecode.c.h; path = PedidoDeProdutoViewController.h; sourceTree = "<group>"; };
		1BE538141B6ACA5200E312D7 /* PedidoDeProdutoViewController.m */ = {isa = PBXFileReference; fileEncoding = 4; lastKnownFileType = sourcecode.c.objc; path = PedidoDeProdutoViewController.m; sourceTree = "<group>"; };
		1BE552E11B6D3C030047CFA8 /* PedidoDeProduto.h */ = {isa = PBXFileReference; fileEncoding = 4; lastKnownFileType = sourcecode.c.h; path = PedidoDeProduto.h; sourceTree = "<group>"; };
		1BE552E21B6D3C030047CFA8 /* PedidoDeProduto.m */ = {isa = PBXFileReference; fileEncoding = 4; lastKnownFileType = sourcecode.c.objc; path = PedidoDeProduto.m; sourceTree = "<group>"; };
		1BE552E71B6D52EF0047CFA8 /* OrcaEmProgressoTableViewController.h */ = {isa = PBXFileReference; fileEncoding = 4; lastKnownFileType = sourcecode.c.h; path = OrcaEmProgressoTableViewController.h; sourceTree = "<group>"; };
		1BE552E81B6D52EF0047CFA8 /* OrcaEmProgressoTableViewController.m */ = {isa = PBXFileReference; fileEncoding = 4; lastKnownFileType = sourcecode.c.objc; path = OrcaEmProgressoTableViewController.m; sourceTree = "<group>"; };
		1BE748591B6A7B7300F42E50 /* EditarProdutoViewController.h */ = {isa = PBXFileReference; fileEncoding = 4; lastKnownFileType = sourcecode.c.h; path = EditarProdutoViewController.h; sourceTree = "<group>"; };
		1BE7485A1B6A7B7300F42E50 /* EditarProdutoViewController.m */ = {isa = PBXFileReference; fileEncoding = 4; lastKnownFileType = sourcecode.c.objc; path = EditarProdutoViewController.m; sourceTree = "<group>"; };
		1BE7485C1B6A857900F42E50 /* EditarObservacaoViewController.h */ = {isa = PBXFileReference; fileEncoding = 4; lastKnownFileType = sourcecode.c.h; path = EditarObservacaoViewController.h; sourceTree = "<group>"; };
		1BE7485D1B6A857900F42E50 /* EditarObservacaoViewController.m */ = {isa = PBXFileReference; fileEncoding = 4; lastKnownFileType = sourcecode.c.objc; path = EditarObservacaoViewController.m; sourceTree = "<group>"; };
		1BE89C911B57E6D70062D241 /* HistoricoTableViewController.h */ = {isa = PBXFileReference; fileEncoding = 4; lastKnownFileType = sourcecode.c.h; path = HistoricoTableViewController.h; sourceTree = "<group>"; };
		1BE89C921B57E6D70062D241 /* HistoricoTableViewController.m */ = {isa = PBXFileReference; fileEncoding = 4; lastKnownFileType = sourcecode.c.objc; path = HistoricoTableViewController.m; sourceTree = "<group>"; };
		1BE89C941B57EB790062D241 /* ResultadosBuscaTableViewController.h */ = {isa = PBXFileReference; fileEncoding = 4; lastKnownFileType = sourcecode.c.h; path = ResultadosBuscaTableViewController.h; sourceTree = "<group>"; };
		1BE89C951B57EB790062D241 /* ResultadosBuscaTableViewController.m */ = {isa = PBXFileReference; fileEncoding = 4; lastKnownFileType = sourcecode.c.objc; path = ResultadosBuscaTableViewController.m; sourceTree = "<group>"; };
		1BEB0B7D1B55A7520039F444 /* ProdutosTableViewController.h */ = {isa = PBXFileReference; fileEncoding = 4; lastKnownFileType = sourcecode.c.h; path = ProdutosTableViewController.h; sourceTree = "<group>"; };
		1BEB0B7E1B55A7520039F444 /* ProdutosTableViewController.m */ = {isa = PBXFileReference; fileEncoding = 4; lastKnownFileType = sourcecode.c.objc; path = ProdutosTableViewController.m; sourceTree = "<group>"; };
		1BEB0B801B55BEA00039F444 /* Produto.h */ = {isa = PBXFileReference; fileEncoding = 4; lastKnownFileType = sourcecode.c.h; path = Produto.h; sourceTree = "<group>"; };
		1BEB0B811B55BEA00039F444 /* Produto.m */ = {isa = PBXFileReference; fileEncoding = 4; lastKnownFileType = sourcecode.c.objc; path = Produto.m; sourceTree = "<group>"; };
		1BEC4A0E1B6BB81B000A0443 /* PerfilViewController.h */ = {isa = PBXFileReference; fileEncoding = 4; lastKnownFileType = sourcecode.c.h; path = PerfilViewController.h; sourceTree = "<group>"; };
		1BEC4A0F1B6BB81B000A0443 /* PerfilViewController.m */ = {isa = PBXFileReference; fileEncoding = 4; lastKnownFileType = sourcecode.c.objc; path = PerfilViewController.m; sourceTree = "<group>"; };
		1BF836FD1B5946F900F51048 /* NovoProdutoViewController.h */ = {isa = PBXFileReference; fileEncoding = 4; lastKnownFileType = sourcecode.c.h; path = NovoProdutoViewController.h; sourceTree = "<group>"; };
		1BF836FE1B5946F900F51048 /* NovoProdutoViewController.m */ = {isa = PBXFileReference; fileEncoding = 4; lastKnownFileType = sourcecode.c.objc; path = NovoProdutoViewController.m; sourceTree = "<group>"; };
		C04E884A1B559E3D00EB26BE /* MicahApp.app */ = {isa = PBXFileReference; explicitFileType = wrapper.application; includeInIndex = 0; path = MicahApp.app; sourceTree = BUILT_PRODUCTS_DIR; };
		C04E884E1B559E3D00EB26BE /* Info.plist */ = {isa = PBXFileReference; lastKnownFileType = text.plist.xml; path = Info.plist; sourceTree = "<group>"; };
		C04E884F1B559E3D00EB26BE /* main.m */ = {isa = PBXFileReference; lastKnownFileType = sourcecode.c.objc; path = main.m; sourceTree = "<group>"; };
		C04E88511B559E3D00EB26BE /* AppDelegate.h */ = {isa = PBXFileReference; lastKnownFileType = sourcecode.c.h; path = AppDelegate.h; sourceTree = "<group>"; };
		C04E88521B559E3D00EB26BE /* AppDelegate.m */ = {isa = PBXFileReference; lastKnownFileType = sourcecode.c.objc; path = AppDelegate.m; sourceTree = "<group>"; };
		C04E88541B559E3D00EB26BE /* ViewController.h */ = {isa = PBXFileReference; lastKnownFileType = sourcecode.c.h; path = ViewController.h; sourceTree = "<group>"; };
		C04E88551B559E3D00EB26BE /* ViewController.m */ = {isa = PBXFileReference; lastKnownFileType = sourcecode.c.objc; path = ViewController.m; sourceTree = "<group>"; };
		C04E88581B559E3D00EB26BE /* Base */ = {isa = PBXFileReference; lastKnownFileType = file.storyboard; name = Base; path = Base.lproj/Main.storyboard; sourceTree = "<group>"; };
		C04E885A1B559E3D00EB26BE /* Images.xcassets */ = {isa = PBXFileReference; lastKnownFileType = folder.assetcatalog; path = Images.xcassets; sourceTree = "<group>"; };
		C04E885D1B559E3D00EB26BE /* Base */ = {isa = PBXFileReference; lastKnownFileType = file.xib; name = Base; path = Base.lproj/LaunchScreen.xib; sourceTree = "<group>"; };
		C04E88631B559E3D00EB26BE /* MicahAppTests.xctest */ = {isa = PBXFileReference; explicitFileType = wrapper.cfbundle; includeInIndex = 0; path = MicahAppTests.xctest; sourceTree = BUILT_PRODUCTS_DIR; };
		C04E88681B559E3D00EB26BE /* Info.plist */ = {isa = PBXFileReference; lastKnownFileType = text.plist.xml; path = Info.plist; sourceTree = "<group>"; };
		C04E88691B559E3D00EB26BE /* MicahAppTests.m */ = {isa = PBXFileReference; lastKnownFileType = sourcecode.c.objc; path = MicahAppTests.m; sourceTree = "<group>"; };
		C04E88731B66D4DD00EB26BE /* CreateOrcaViewController.h */ = {isa = PBXFileReference; fileEncoding = 4; lastKnownFileType = sourcecode.c.h; path = CreateOrcaViewController.h; sourceTree = "<group>"; };
		C04E88741B66D4DD00EB26BE /* CreateOrcaViewController.m */ = {isa = PBXFileReference; fileEncoding = 4; lastKnownFileType = sourcecode.c.objc; path = CreateOrcaViewController.m; sourceTree = "<group>"; };
		C04E88761B66D77700EB26BE /* ContentClientViewController.h */ = {isa = PBXFileReference; fileEncoding = 4; lastKnownFileType = sourcecode.c.h; path = ContentClientViewController.h; sourceTree = "<group>"; };
		C04E88771B66D77700EB26BE /* ContentClientViewController.m */ = {isa = PBXFileReference; fileEncoding = 4; lastKnownFileType = sourcecode.c.objc; path = ContentClientViewController.m; sourceTree = "<group>"; };
		C04E887C1B66DE0800EB26BE /* PageHolderViewController.h */ = {isa = PBXFileReference; fileEncoding = 4; lastKnownFileType = sourcecode.c.h; path = PageHolderViewController.h; sourceTree = "<group>"; };
		C04E887D1B66DE0800EB26BE /* PageHolderViewController.m */ = {isa = PBXFileReference; fileEncoding = 4; lastKnownFileType = sourcecode.c.objc; path = PageHolderViewController.m; sourceTree = "<group>"; };
		C04E88881B69A37200EB26BE /* ContentFinilizeViewController.h */ = {isa = PBXFileReference; fileEncoding = 4; lastKnownFileType = sourcecode.c.h; path = ContentFinilizeViewController.h; sourceTree = "<group>"; };
		C04E88891B69A37200EB26BE /* ContentFinilizeViewController.m */ = {isa = PBXFileReference; fileEncoding = 4; lastKnownFileType = sourcecode.c.objc; path = ContentFinilizeViewController.m; sourceTree = "<group>"; };
		C04E888B1B69A38200EB26BE /* ContentProductTableViewController.h */ = {isa = PBXFileReference; fileEncoding = 4; lastKnownFileType = sourcecode.c.h; path = ContentProductTableViewController.h; sourceTree = "<group>"; };
		C04E888C1B69A38200EB26BE /* ContentProductTableViewController.m */ = {isa = PBXFileReference; fileEncoding = 4; lastKnownFileType = sourcecode.c.objc; path = ContentProductTableViewController.m; sourceTree = "<group>"; };
		C04E888E1B69A3AF00EB26BE /* ContentObservationTableViewController.h */ = {isa = PBXFileReference; fileEncoding = 4; lastKnownFileType = sourcecode.c.h; path = ContentObservationTableViewController.h; sourceTree = "<group>"; };
		C04E888F1B69A3AF00EB26BE /* ContentObservationTableViewController.m */ = {isa = PBXFileReference; fileEncoding = 4; lastKnownFileType = sourcecode.c.objc; path = ContentObservationTableViewController.m; sourceTree = "<group>"; };
/* End PBXFileReference section */

/* Begin PBXFrameworksBuildPhase section */
		C04E88471B559E3D00EB26BE /* Frameworks */ = {
			isa = PBXFrameworksBuildPhase;
			buildActionMask = 2147483647;
			files = (
			);
			runOnlyForDeploymentPostprocessing = 0;
		};
		C04E88601B559E3D00EB26BE /* Frameworks */ = {
			isa = PBXFrameworksBuildPhase;
			buildActionMask = 2147483647;
			files = (
			);
			runOnlyForDeploymentPostprocessing = 0;
		};
/* End PBXFrameworksBuildPhase section */

/* Begin PBXGroup section */
		1BE89C901B57E6610062D241 /* Produtos */ = {
			isa = PBXGroup;
			children = (
				1B7BB0EC1B5D980F000CD60E /* ProdutosOrcamentoTableViewController.h */,
				1B7BB0ED1B5D980F000CD60E /* ProdutosOrcamentoTableViewController.m */,
				1BE748591B6A7B7300F42E50 /* EditarProdutoViewController.h */,
				1BE7485A1B6A7B7300F42E50 /* EditarProdutoViewController.m */,
				1B9A16731B59A61F00CA057B /* DetalhesProdutoViewController.h */,
				1B9A16741B59A61F00CA057B /* DetalhesProdutoViewController.m */,
				1BEB0B7D1B55A7520039F444 /* ProdutosTableViewController.h */,
				1BEB0B7E1B55A7520039F444 /* ProdutosTableViewController.m */,
				1BF836FD1B5946F900F51048 /* NovoProdutoViewController.h */,
				1BF836FE1B5946F900F51048 /* NovoProdutoViewController.m */,
				1BE89C941B57EB790062D241 /* ResultadosBuscaTableViewController.h */,
				1BE89C951B57EB790062D241 /* ResultadosBuscaTableViewController.m */,
				1BEB0B801B55BEA00039F444 /* Produto.h */,
				1BEB0B811B55BEA00039F444 /* Produto.m */,
			);
			name = Produtos;
			sourceTree = "<group>";
		};
		C04E88411B559E3D00EB26BE = {
			isa = PBXGroup;
			children = (
				C04E884C1B559E3D00EB26BE /* MicahApp */,
				C04E88661B559E3D00EB26BE /* MicahAppTests */,
				C04E884B1B559E3D00EB26BE /* Products */,
			);
			sourceTree = "<group>";
		};
		C04E884B1B559E3D00EB26BE /* Products */ = {
			isa = PBXGroup;
			children = (
				C04E884A1B559E3D00EB26BE /* MicahApp.app */,
				C04E88631B559E3D00EB26BE /* MicahAppTests.xctest */,
			);
			name = Products;
			sourceTree = "<group>";
		};
		C04E884C1B559E3D00EB26BE /* MicahApp */ = {
			isa = PBXGroup;
			children = (
				C04E887A1B66D79100EB26BE /* Views */,
				C04E887B1B66D7B300EB26BE /* Objects */,
				C04E88571B559E3D00EB26BE /* Main.storyboard */,
				C04E885C1B559E3D00EB26BE /* LaunchScreen.xib */,
				C04E885A1B559E3D00EB26BE /* Images.xcassets */,
				C04E88511B559E3D00EB26BE /* AppDelegate.h */,
				C04E88521B559E3D00EB26BE /* AppDelegate.m */,
				C04E884D1B559E3D00EB26BE /* Supporting Files */,
			);
			path = MicahApp;
			sourceTree = "<group>";
		};
		C04E884D1B559E3D00EB26BE /* Supporting Files */ = {
			isa = PBXGroup;
			children = (
				C04E884E1B559E3D00EB26BE /* Info.plist */,
				C04E884F1B559E3D00EB26BE /* main.m */,
			);
			name = "Supporting Files";
			sourceTree = "<group>";
		};
		C04E88661B559E3D00EB26BE /* MicahAppTests */ = {
			isa = PBXGroup;
			children = (
				C04E88691B559E3D00EB26BE /* MicahAppTests.m */,
				C04E88671B559E3D00EB26BE /* Supporting Files */,
			);
			path = MicahAppTests;
			sourceTree = "<group>";
		};
		C04E88671B559E3D00EB26BE /* Supporting Files */ = {
			isa = PBXGroup;
			children = (
				C04E88681B559E3D00EB26BE /* Info.plist */,
			);
			name = "Supporting Files";
			sourceTree = "<group>";
		};
		C04E88791B66D77F00EB26BE /* PageView */ = {
			isa = PBXGroup;
			children = (
				C04E887C1B66DE0800EB26BE /* PageHolderViewController.h */,
				C04E887D1B66DE0800EB26BE /* PageHolderViewController.m */,
				C04E88731B66D4DD00EB26BE /* CreateOrcaViewController.h */,
				C04E88741B66D4DD00EB26BE /* CreateOrcaViewController.m */,
				C04E88761B66D77700EB26BE /* ContentClientViewController.h */,
				C04E88771B66D77700EB26BE /* ContentClientViewController.m */,
				C04E88881B69A37200EB26BE /* ContentFinilizeViewController.h */,
				C04E88891B69A37200EB26BE /* ContentFinilizeViewController.m */,
				C04E888B1B69A38200EB26BE /* ContentProductTableViewController.h */,
				C04E888C1B69A38200EB26BE /* ContentProductTableViewController.m */,
				C04E888E1B69A3AF00EB26BE /* ContentObservationTableViewController.h */,
				C04E888F1B69A3AF00EB26BE /* ContentObservationTableViewController.m */,
			);
			name = PageView;
			sourceTree = "<group>";
		};
		C04E887A1B66D79100EB26BE /* Views */ = {
			isa = PBXGroup;
			children = (
				C04E88791B66D77F00EB26BE /* PageView */,
				C04E88541B559E3D00EB26BE /* ViewController.h */,
				C04E88551B559E3D00EB26BE /* ViewController.m */,
				1BE89C911B57E6D70062D241 /* HistoricoTableViewController.h */,
				1BE89C921B57E6D70062D241 /* HistoricoTableViewController.m */,
				1BE403551B6AA4F000F14A64 /* ObservacoesTableViewController.h */,
				1BE403561B6AA4F000F14A64 /* ObservacoesTableViewController.m */,
				1BE7485C1B6A857900F42E50 /* EditarObservacaoViewController.h */,
				1BE7485D1B6A857900F42E50 /* EditarObservacaoViewController.m */,
				1BE538131B6ACA5200E312D7 /* PedidoDeProdutoViewController.h */,
				1BE538141B6ACA5200E312D7 /* PedidoDeProdutoViewController.m */,
				1BE552E11B6D3C030047CFA8 /* PedidoDeProduto.h */,
				1BE552E21B6D3C030047CFA8 /* PedidoDeProduto.m */,
				1BEC4A0E1B6BB81B000A0443 /* PerfilViewController.h */,
				1BEC4A0F1B6BB81B000A0443 /* PerfilViewController.m */,
				1BE552E71B6D52EF0047CFA8 /* OrcaEmProgressoTableViewController.h */,
				1BE552E81B6D52EF0047CFA8 /* OrcaEmProgressoTableViewController.m */,
			);
			name = Views;
			sourceTree = "<group>";
		};
		C04E887B1B66D7B300EB26BE /* Objects */ = {
			isa = PBXGroup;
			children = (
				1BE89C901B57E6610062D241 /* Produtos */,
				1B9A166D1B5998BF00CA057B /* Cliente.h */,
				1B9A166E1B5998BF00CA057B /* Cliente.m */,
			);
			name = Objects;
			sourceTree = "<group>";
		};
/* End PBXGroup section */

/* Begin PBXNativeTarget section */
		C04E88491B559E3D00EB26BE /* MicahApp */ = {
			isa = PBXNativeTarget;
			buildConfigurationList = C04E886D1B559E3D00EB26BE /* Build configuration list for PBXNativeTarget "MicahApp" */;
			buildPhases = (
				C04E88461B559E3D00EB26BE /* Sources */,
				C04E88471B559E3D00EB26BE /* Frameworks */,
				C04E88481B559E3D00EB26BE /* Resources */,
			);
			buildRules = (
			);
			dependencies = (
			);
			name = MicahApp;
			productName = MicahApp;
			productReference = C04E884A1B559E3D00EB26BE /* MicahApp.app */;
			productType = "com.apple.product-type.application";
		};
		C04E88621B559E3D00EB26BE /* MicahAppTests */ = {
			isa = PBXNativeTarget;
			buildConfigurationList = C04E88701B559E3D00EB26BE /* Build configuration list for PBXNativeTarget "MicahAppTests" */;
			buildPhases = (
				C04E885F1B559E3D00EB26BE /* Sources */,
				C04E88601B559E3D00EB26BE /* Frameworks */,
				C04E88611B559E3D00EB26BE /* Resources */,
			);
			buildRules = (
			);
			dependencies = (
				C04E88651B559E3D00EB26BE /* PBXTargetDependency */,
			);
			name = MicahAppTests;
			productName = MicahAppTests;
			productReference = C04E88631B559E3D00EB26BE /* MicahAppTests.xctest */;
			productType = "com.apple.product-type.bundle.unit-test";
		};
/* End PBXNativeTarget section */

/* Begin PBXProject section */
		C04E88421B559E3D00EB26BE /* Project object */ = {
			isa = PBXProject;
			attributes = {
				LastUpgradeCheck = 0630;
				ORGANIZATIONNAME = "Gabriel Nopper";
				TargetAttributes = {
					C04E88491B559E3D00EB26BE = {
						CreatedOnToolsVersion = 6.3.1;
					};
					C04E88621B559E3D00EB26BE = {
						CreatedOnToolsVersion = 6.3.1;
						TestTargetID = C04E88491B559E3D00EB26BE;
					};
				};
			};
			buildConfigurationList = C04E88451B559E3D00EB26BE /* Build configuration list for PBXProject "MicahApp" */;
			compatibilityVersion = "Xcode 3.2";
			developmentRegion = English;
			hasScannedForEncodings = 0;
			knownRegions = (
				en,
				Base,
			);
			mainGroup = C04E88411B559E3D00EB26BE;
			productRefGroup = C04E884B1B559E3D00EB26BE /* Products */;
			projectDirPath = "";
			projectRoot = "";
			targets = (
				C04E88491B559E3D00EB26BE /* MicahApp */,
				C04E88621B559E3D00EB26BE /* MicahAppTests */,
			);
		};
/* End PBXProject section */

/* Begin PBXResourcesBuildPhase section */
		C04E88481B559E3D00EB26BE /* Resources */ = {
			isa = PBXResourcesBuildPhase;
			buildActionMask = 2147483647;
			files = (
				C04E88591B559E3D00EB26BE /* Main.storyboard in Resources */,
				C04E885E1B559E3D00EB26BE /* LaunchScreen.xib in Resources */,
				C04E885B1B559E3D00EB26BE /* Images.xcassets in Resources */,
			);
			runOnlyForDeploymentPostprocessing = 0;
		};
		C04E88611B559E3D00EB26BE /* Resources */ = {
			isa = PBXResourcesBuildPhase;
			buildActionMask = 2147483647;
			files = (
			);
			runOnlyForDeploymentPostprocessing = 0;
		};
/* End PBXResourcesBuildPhase section */

/* Begin PBXSourcesBuildPhase section */
		C04E88461B559E3D00EB26BE /* Sources */ = {
			isa = PBXSourcesBuildPhase;
			buildActionMask = 2147483647;
			files = (
				C04E88561B559E3D00EB26BE /* ViewController.m in Sources */,
				C04E88531B559E3D00EB26BE /* AppDelegate.m in Sources */,
				C04E888A1B69A37200EB26BE /* ContentFinilizeViewController.m in Sources */,
				1BE7485B1B6A7B7300F42E50 /* EditarProdutoViewController.m in Sources */,
				1BE89C961B57EB790062D241 /* ResultadosBuscaTableViewController.m in Sources */,
				1BE552E31B6D3C030047CFA8 /* PedidoDeProduto.m in Sources */,
				1BEC4A101B6BB81B000A0443 /* PerfilViewController.m in Sources */,
				C04E88501B559E3D00EB26BE /* main.m in Sources */,
				1B7BB0EE1B5D980F000CD60E /* ProdutosOrcamentoTableViewController.m in Sources */,
				1BE7485E1B6A857900F42E50 /* EditarObservacaoViewController.m in Sources */,
				1BF836FF1B5946F900F51048 /* NovoProdutoViewController.m in Sources */,
				1B9A16751B59A61F00CA057B /* DetalhesProdutoViewController.m in Sources */,
				1BE538151B6ACA5200E312D7 /* PedidoDeProdutoViewController.m in Sources */,
				1BEB0B7F1B55A7520039F444 /* ProdutosTableViewController.m in Sources */,
				C04E888D1B69A38200EB26BE /* ContentProductTableViewController.m in Sources */,
				1BE403571B6AA4F000F14A64 /* ObservacoesTableViewController.m in Sources */,
				C04E88781B66D77700EB26BE /* ContentClientViewController.m in Sources */,
				1BE552E91B6D52EF0047CFA8 /* OrcaEmProgressoTableViewController.m in Sources */,
				C04E88901B69A3AF00EB26BE /* ContentObservationTableViewController.m in Sources */,
				C04E887E1B66DE0800EB26BE /* PageHolderViewController.m in Sources */,
				1BE89C931B57E6D70062D241 /* HistoricoTableViewController.m in Sources */,
				C04E88751B66D4DD00EB26BE /* CreateOrcaViewController.m in Sources */,
				1B9A166F1B5998BF00CA057B /* Cliente.m in Sources */,
				1BEB0B821B55BEA00039F444 /* Produto.m in Sources */,
			);
			runOnlyForDeploymentPostprocessing = 0;
		};
		C04E885F1B559E3D00EB26BE /* Sources */ = {
			isa = PBXSourcesBuildPhase;
			buildActionMask = 2147483647;
			files = (
				C04E886A1B559E3D00EB26BE /* MicahAppTests.m in Sources */,
			);
			runOnlyForDeploymentPostprocessing = 0;
		};
/* End PBXSourcesBuildPhase section */

/* Begin PBXTargetDependency section */
		C04E88651B559E3D00EB26BE /* PBXTargetDependency */ = {
			isa = PBXTargetDependency;
			target = C04E88491B559E3D00EB26BE /* MicahApp */;
			targetProxy = C04E88641B559E3D00EB26BE /* PBXContainerItemProxy */;
		};
/* End PBXTargetDependency section */

/* Begin PBXVariantGroup section */
		C04E88571B559E3D00EB26BE /* Main.storyboard */ = {
			isa = PBXVariantGroup;
			children = (
				C04E88581B559E3D00EB26BE /* Base */,
			);
			name = Main.storyboard;
			sourceTree = "<group>";
		};
		C04E885C1B559E3D00EB26BE /* LaunchScreen.xib */ = {
			isa = PBXVariantGroup;
			children = (
				C04E885D1B559E3D00EB26BE /* Base */,
			);
			name = LaunchScreen.xib;
			sourceTree = "<group>";
		};
/* End PBXVariantGroup section */

/* Begin XCBuildConfiguration section */
		C04E886B1B559E3D00EB26BE /* Debug */ = {
			isa = XCBuildConfiguration;
			buildSettings = {
				ALWAYS_SEARCH_USER_PATHS = NO;
				CLANG_CXX_LANGUAGE_STANDARD = "gnu++0x";
				CLANG_CXX_LIBRARY = "libc++";
				CLANG_ENABLE_MODULES = YES;
				CLANG_ENABLE_OBJC_ARC = YES;
				CLANG_WARN_BOOL_CONVERSION = YES;
				CLANG_WARN_CONSTANT_CONVERSION = YES;
				CLANG_WARN_DIRECT_OBJC_ISA_USAGE = YES_ERROR;
				CLANG_WARN_EMPTY_BODY = YES;
				CLANG_WARN_ENUM_CONVERSION = YES;
				CLANG_WARN_INT_CONVERSION = YES;
				CLANG_WARN_OBJC_ROOT_CLASS = YES_ERROR;
				CLANG_WARN_UNREACHABLE_CODE = YES;
				CLANG_WARN__DUPLICATE_METHOD_MATCH = YES;
				"CODE_SIGN_IDENTITY[sdk=iphoneos*]" = "iPhone Developer";
				COPY_PHASE_STRIP = NO;
				DEBUG_INFORMATION_FORMAT = "dwarf-with-dsym";
				ENABLE_STRICT_OBJC_MSGSEND = YES;
				GCC_C_LANGUAGE_STANDARD = gnu99;
				GCC_DYNAMIC_NO_PIC = NO;
				GCC_NO_COMMON_BLOCKS = YES;
				GCC_OPTIMIZATION_LEVEL = 0;
				GCC_PREPROCESSOR_DEFINITIONS = (
					"DEBUG=1",
					"$(inherited)",
				);
				GCC_SYMBOLS_PRIVATE_EXTERN = NO;
				GCC_WARN_64_TO_32_BIT_CONVERSION = YES;
				GCC_WARN_ABOUT_RETURN_TYPE = YES_ERROR;
				GCC_WARN_UNDECLARED_SELECTOR = YES;
				GCC_WARN_UNINITIALIZED_AUTOS = YES_AGGRESSIVE;
				GCC_WARN_UNUSED_FUNCTION = YES;
				GCC_WARN_UNUSED_VARIABLE = YES;
				IPHONEOS_DEPLOYMENT_TARGET = 8.3;
				MTL_ENABLE_DEBUG_INFO = YES;
				ONLY_ACTIVE_ARCH = YES;
				SDKROOT = iphoneos;
				TARGETED_DEVICE_FAMILY = "1,2";
			};
			name = Debug;
		};
		C04E886C1B559E3D00EB26BE /* Release */ = {
			isa = XCBuildConfiguration;
			buildSettings = {
				ALWAYS_SEARCH_USER_PATHS = NO;
				CLANG_CXX_LANGUAGE_STANDARD = "gnu++0x";
				CLANG_CXX_LIBRARY = "libc++";
				CLANG_ENABLE_MODULES = YES;
				CLANG_ENABLE_OBJC_ARC = YES;
				CLANG_WARN_BOOL_CONVERSION = YES;
				CLANG_WARN_CONSTANT_CONVERSION = YES;
				CLANG_WARN_DIRECT_OBJC_ISA_USAGE = YES_ERROR;
				CLANG_WARN_EMPTY_BODY = YES;
				CLANG_WARN_ENUM_CONVERSION = YES;
				CLANG_WARN_INT_CONVERSION = YES;
				CLANG_WARN_OBJC_ROOT_CLASS = YES_ERROR;
				CLANG_WARN_UNREACHABLE_CODE = YES;
				CLANG_WARN__DUPLICATE_METHOD_MATCH = YES;
				"CODE_SIGN_IDENTITY[sdk=iphoneos*]" = "iPhone Developer";
				COPY_PHASE_STRIP = NO;
				DEBUG_INFORMATION_FORMAT = "dwarf-with-dsym";
				ENABLE_NS_ASSERTIONS = NO;
				ENABLE_STRICT_OBJC_MSGSEND = YES;
				GCC_C_LANGUAGE_STANDARD = gnu99;
				GCC_NO_COMMON_BLOCKS = YES;
				GCC_WARN_64_TO_32_BIT_CONVERSION = YES;
				GCC_WARN_ABOUT_RETURN_TYPE = YES_ERROR;
				GCC_WARN_UNDECLARED_SELECTOR = YES;
				GCC_WARN_UNINITIALIZED_AUTOS = YES_AGGRESSIVE;
				GCC_WARN_UNUSED_FUNCTION = YES;
				GCC_WARN_UNUSED_VARIABLE = YES;
				IPHONEOS_DEPLOYMENT_TARGET = 8.3;
				MTL_ENABLE_DEBUG_INFO = NO;
				SDKROOT = iphoneos;
				TARGETED_DEVICE_FAMILY = "1,2";
				VALIDATE_PRODUCT = YES;
			};
			name = Release;
		};
		C04E886E1B559E3D00EB26BE /* Debug */ = {
			isa = XCBuildConfiguration;
			buildSettings = {
				ASSETCATALOG_COMPILER_APPICON_NAME = AppIcon;
				INFOPLIST_FILE = MicahApp/Info.plist;
				IPHONEOS_DEPLOYMENT_TARGET = 8.2;
				LD_RUNPATH_SEARCH_PATHS = "$(inherited) @executable_path/Frameworks";
				PRODUCT_NAME = "$(TARGET_NAME)";
			};
			name = Debug;
		};
		C04E886F1B559E3D00EB26BE /* Release */ = {
			isa = XCBuildConfiguration;
			buildSettings = {
				ASSETCATALOG_COMPILER_APPICON_NAME = AppIcon;
				INFOPLIST_FILE = MicahApp/Info.plist;
				IPHONEOS_DEPLOYMENT_TARGET = 8.2;
				LD_RUNPATH_SEARCH_PATHS = "$(inherited) @executable_path/Frameworks";
				PRODUCT_NAME = "$(TARGET_NAME)";
			};
			name = Release;
		};
		C04E88711B559E3D00EB26BE /* Debug */ = {
			isa = XCBuildConfiguration;
			buildSettings = {
				BUNDLE_LOADER = "$(TEST_HOST)";
				FRAMEWORK_SEARCH_PATHS = (
					"$(SDKROOT)/Developer/Library/Frameworks",
					"$(inherited)",
				);
				GCC_PREPROCESSOR_DEFINITIONS = (
					"DEBUG=1",
					"$(inherited)",
				);
				INFOPLIST_FILE = MicahAppTests/Info.plist;
				LD_RUNPATH_SEARCH_PATHS = "$(inherited) @executable_path/Frameworks @loader_path/Frameworks";
				PRODUCT_NAME = "$(TARGET_NAME)";
				TEST_HOST = "$(BUILT_PRODUCTS_DIR)/MicahApp.app/MicahApp";
			};
			name = Debug;
		};
		C04E88721B559E3D00EB26BE /* Release */ = {
			isa = XCBuildConfiguration;
			buildSettings = {
				BUNDLE_LOADER = "$(TEST_HOST)";
				FRAMEWORK_SEARCH_PATHS = (
					"$(SDKROOT)/Developer/Library/Frameworks",
					"$(inherited)",
				);
				INFOPLIST_FILE = MicahAppTests/Info.plist;
				LD_RUNPATH_SEARCH_PATHS = "$(inherited) @executable_path/Frameworks @loader_path/Frameworks";
				PRODUCT_NAME = "$(TARGET_NAME)";
				TEST_HOST = "$(BUILT_PRODUCTS_DIR)/MicahApp.app/MicahApp";
			};
			name = Release;
		};
/* End XCBuildConfiguration section */

/* Begin XCConfigurationList section */
		C04E88451B559E3D00EB26BE /* Build configuration list for PBXProject "MicahApp" */ = {
			isa = XCConfigurationList;
			buildConfigurations = (
				C04E886B1B559E3D00EB26BE /* Debug */,
				C04E886C1B559E3D00EB26BE /* Release */,
			);
			defaultConfigurationIsVisible = 0;
			defaultConfigurationName = Release;
		};
		C04E886D1B559E3D00EB26BE /* Build configuration list for PBXNativeTarget "MicahApp" */ = {
			isa = XCConfigurationList;
			buildConfigurations = (
				C04E886E1B559E3D00EB26BE /* Debug */,
				C04E886F1B559E3D00EB26BE /* Release */,
			);
			defaultConfigurationIsVisible = 0;
			defaultConfigurationName = Release;
		};
		C04E88701B559E3D00EB26BE /* Build configuration list for PBXNativeTarget "MicahAppTests" */ = {
			isa = XCConfigurationList;
			buildConfigurations = (
				C04E88711B559E3D00EB26BE /* Debug */,
				C04E88721B559E3D00EB26BE /* Release */,
			);
			defaultConfigurationIsVisible = 0;
			defaultConfigurationName = Release;
		};
/* End XCConfigurationList section */
	};
	rootObject = C04E88421B559E3D00EB26BE /* Project object */;
}
